// !$*UTF8*$!
{
	archiveVersion = 1;
	classes = {
	};
	objectVersion = 46;
	objects = {

/* Begin PBXBuildFile section */
		45D460CD1EC6429A00A82910 /* AppDelegate.swift in Sources */ = {isa = PBXBuildFile; fileRef = 45D460CC1EC6429A00A82910 /* AppDelegate.swift */; };
		45D460CF1EC6429A00A82910 /* ViewController.swift in Sources */ = {isa = PBXBuildFile; fileRef = 45D460CE1EC6429A00A82910 /* ViewController.swift */; };
		45D460D21EC6429A00A82910 /* Main.storyboard in Resources */ = {isa = PBXBuildFile; fileRef = 45D460D01EC6429A00A82910 /* Main.storyboard */; };
		45D460D41EC6429A00A82910 /* Assets.xcassets in Resources */ = {isa = PBXBuildFile; fileRef = 45D460D31EC6429A00A82910 /* Assets.xcassets */; };
		45D460D71EC6429A00A82910 /* LaunchScreen.storyboard in Resources */ = {isa = PBXBuildFile; fileRef = 45D460D51EC6429A00A82910 /* LaunchScreen.storyboard */; };
		45D460E01EC642C500A82910 /* Logger.swift in Sources */ = {isa = PBXBuildFile; fileRef = 45D460DF1EC642C500A82910 /* Logger.swift */; };
/* End PBXBuildFile section */

/* Begin PBXFileReference section */
		45D460C91EC6429A00A82910 /* SwiftLogger.app */ = {isa = PBXFileReference; explicitFileType = wrapper.application; includeInIndex = 0; path = SwiftLogger.app; sourceTree = BUILT_PRODUCTS_DIR; };
		45D460CC1EC6429A00A82910 /* AppDelegate.swift */ = {isa = PBXFileReference; lastKnownFileType = sourcecode.swift; path = AppDelegate.swift; sourceTree = "<group>"; };
		45D460CE1EC6429A00A82910 /* ViewController.swift */ = {isa = PBXFileReference; lastKnownFileType = sourcecode.swift; path = ViewController.swift; sourceTree = "<group>"; };
		45D460D11EC6429A00A82910 /* Base */ = {isa = PBXFileReference; lastKnownFileType = file.storyboard; name = Base; path = Base.lproj/Main.storyboard; sourceTree = "<group>"; };
		45D460D31EC6429A00A82910 /* Assets.xcassets */ = {isa = PBXFileReference; lastKnownFileType = folder.assetcatalog; path = Assets.xcassets; sourceTree = "<group>"; };
		45D460D61EC6429A00A82910 /* Base */ = {isa = PBXFileReference; lastKnownFileType = file.storyboard; name = Base; path = Base.lproj/LaunchScreen.storyboard; sourceTree = "<group>"; };
		45D460D81EC6429A00A82910 /* Info.plist */ = {isa = PBXFileReference; lastKnownFileType = text.plist.xml; path = Info.plist; sourceTree = "<group>"; };
		45D460DF1EC642C500A82910 /* Logger.swift */ = {isa = PBXFileReference; fileEncoding = 4; lastKnownFileType = sourcecode.swift; path = Logger.swift; sourceTree = "<group>"; };
/* End PBXFileReference section */

/* Begin PBXFrameworksBuildPhase section */
		45D460C61EC6429A00A82910 /* Frameworks */ = {
			isa = PBXFrameworksBuildPhase;
			buildActionMask = 2147483647;
			files = (
			);
			runOnlyForDeploymentPostprocessing = 0;
		};
/* End PBXFrameworksBuildPhase section */

/* Begin PBXGroup section */
		45D460C01EC6429900A82910 = {
			isa = PBXGroup;
			children = (
				45D460CB1EC6429A00A82910 /* SwiftLogger */,
				45D460CA1EC6429A00A82910 /* Products */,
			);
			sourceTree = "<group>";
		};
		45D460CA1EC6429A00A82910 /* Products */ = {
			isa = PBXGroup;
			children = (
				45D460C91EC6429A00A82910 /* SwiftLogger.app */,
			);
			name = Products;
			sourceTree = "<group>";
		};
		45D460CB1EC6429A00A82910 /* SwiftLogger */ = {
			isa = PBXGroup;
			children = (
				45D460DE1EC642C500A82910 /* Debug */,
				45D460CC1EC6429A00A82910 /* AppDelegate.swift */,
				45D460CE1EC6429A00A82910 /* ViewController.swift */,
				45D460D01EC6429A00A82910 /* Main.storyboard */,
				45D460D31EC6429A00A82910 /* Assets.xcassets */,
				45D460D51EC6429A00A82910 /* LaunchScreen.storyboard */,
				45D460D81EC6429A00A82910 /* Info.plist */,
			);
			path = SwiftLogger;
			sourceTree = "<group>";
		};
		45D460DE1EC642C500A82910 /* Debug */ = {
			isa = PBXGroup;
			children = (
				45D460DF1EC642C500A82910 /* Logger.swift */,
			);
			path = Debug;
			sourceTree = "<group>";
		};
/* End PBXGroup section */

/* Begin PBXNativeTarget section */
		45D460C81EC6429A00A82910 /* SwiftLogger */ = {
			isa = PBXNativeTarget;
			buildConfigurationList = 45D460DB1EC6429A00A82910 /* Build configuration list for PBXNativeTarget "SwiftLogger" */;
			buildPhases = (
				45D460C51EC6429A00A82910 /* Sources */,
				45D460C61EC6429A00A82910 /* Frameworks */,
				45D460C71EC6429A00A82910 /* Resources */,
			);
			buildRules = (
			);
			dependencies = (
			);
			name = SwiftLogger;
			productName = SwiftLogger;
			productReference = 45D460C91EC6429A00A82910 /* SwiftLogger.app */;
			productType = "com.apple.product-type.application";
		};
/* End PBXNativeTarget section */

/* Begin PBXProject section */
		45D460C11EC6429900A82910 /* Project object */ = {
			isa = PBXProject;
			attributes = {
				LastSwiftUpdateCheck = 0830;
				LastUpgradeCheck = 0830;
				ORGANIZATIONNAME = "Sauvik Dolui";
				TargetAttributes = {
					45D460C81EC6429A00A82910 = {
						CreatedOnToolsVersion = 8.3.2;
						ProvisioningStyle = Automatic;
					};
				};
			};
			buildConfigurationList = 45D460C41EC6429900A82910 /* Build configuration list for PBXProject "SwiftLogger" */;
			compatibilityVersion = "Xcode 3.2";
			developmentRegion = English;
			hasScannedForEncodings = 0;
			knownRegions = (
				en,
				Base,
			);
			mainGroup = 45D460C01EC6429900A82910;
			productRefGroup = 45D460CA1EC6429A00A82910 /* Products */;
			projectDirPath = "";
			projectRoot = "";
			targets = (
				45D460C81EC6429A00A82910 /* SwiftLogger */,
			);
		};
/* End PBXProject section */

/* Begin PBXResourcesBuildPhase section */
		45D460C71EC6429A00A82910 /* Resources */ = {
			isa = PBXResourcesBuildPhase;
			buildActionMask = 2147483647;
			files = (
				45D460D71EC6429A00A82910 /* LaunchScreen.storyboard in Resources */,
				45D460D41EC6429A00A82910 /* Assets.xcassets in Resources */,
				45D460D21EC6429A00A82910 /* Main.storyboard in Resources */,
			);
			runOnlyForDeploymentPostprocessing = 0;
		};
/* End PBXResourcesBuildPhase section */

/* Begin PBXSourcesBuildPhase section */
		45D460C51EC6429A00A82910 /* Sources */ = {
			isa = PBXSourcesBuildPhase;
			buildActionMask = 2147483647;
			files = (
				45D460CF1EC6429A00A82910 /* ViewController.swift in Sources */,
				45D460E01EC642C500A82910 /* Logger.swift in Sources */,
				45D460CD1EC6429A00A82910 /* AppDelegate.swift in Sources */,
			);
			runOnlyForDeploymentPostprocessing = 0;
		};
/* End PBXSourcesBuildPhase section */

/* Begin PBXVariantGroup section */
		45D460D01EC6429A00A82910 /* Main.storyboard */ = {
			isa = PBXVariantGroup;
			children = (
				45D460D11EC6429A00A82910 /* Base */,
			);
			name = Main.storyboard;
			sourceTree = "<group>";
		};
		45D460D51EC6429A00A82910 /* LaunchScreen.storyboard */ = {
			isa = PBXVariantGroup;
			children = (
				45D460D61EC6429A00A82910 /* Base */,
			);
			name = LaunchScreen.storyboard;
			sourceTree = "<group>";
		};
/* End PBXVariantGroup section */

/* Begin XCBuildConfiguration section */
		45D460D91EC6429A00A82910 /* Debug */ = {
			isa = XCBuildConfiguration;
			buildSettings = {
				ALWAYS_SEARCH_USER_PATHS = NO;
				CLANG_ANALYZER_NONNULL = YES;
				CLANG_ANALYZER_NUMBER_OBJECT_CONVERSION = YES_AGGRESSIVE;
				CLANG_CXX_LANGUAGE_STANDARD = "gnu++0x";
				CLANG_CXX_LIBRARY = "libc++";
				CLANG_ENABLE_MODULES = YES;
				CLANG_ENABLE_OBJC_ARC = YES;
				CLANG_WARN_BOOL_CONVERSION = YES;
				CLANG_WARN_CONSTANT_CONVERSION = YES;
				CLANG_WARN_DIRECT_OBJC_ISA_USAGE = YES_ERROR;
				CLANG_WARN_DOCUMENTATION_COMMENTS = YES;
				CLANG_WARN_EMPTY_BODY = YES;
				CLANG_WARN_ENUM_CONVERSION = YES;
				CLANG_WARN_INFINITE_RECURSION = YES;
				CLANG_WARN_INT_CONVERSION = YES;
				CLANG_WARN_OBJC_ROOT_CLASS = YES_ERROR;
				CLANG_WARN_SUSPICIOUS_MOVE = YES;
				CLANG_WARN_UNREACHABLE_CODE = YES;
				CLANG_WARN__DUPLICATE_METHOD_MATCH = YES;
				"CODE_SIGN_IDENTITY[sdk=iphoneos*]" = "iPhone Developer";
				COPY_PHASE_STRIP = NO;
				DEBUG_INFORMATION_FORMAT = dwarf;
				ENABLE_STRICT_OBJC_MSGSEND = YES;
				ENABLE_TESTABILITY = YES;
				GCC_C_LANGUAGE_STANDARD = gnu99;
				GCC_DYNAMIC_NO_PIC = NO;
				GCC_NO_COMMON_BLOCKS = YES;
				GCC_OPTIMIZATION_LEVEL = 0;
				GCC_PREPROCESSOR_DEFINITIONS = (
					"DEBUG=1",
					"$(inherited)",
				);
				GCC_WARN_64_TO_32_BIT_CONVERSION = YES;
				GCC_WARN_ABOUT_RETURN_TYPE = YES_ERROR;
				GCC_WARN_UNDECLARED_SELECTOR = YES;
				GCC_WARN_UNINITIALIZED_AUTOS = YES_AGGRESSIVE;
				GCC_WARN_UNUSED_FUNCTION = YES;
				GCC_WARN_UNUSED_VARIABLE = YES;
				IPHONEOS_DEPLOYMENT_TARGET = 10.3;
				MTL_ENABLE_DEBUG_INFO = YES;
				ONLY_ACTIVE_ARCH = YES;
				SDKROOT = iphoneos;
				SWIFT_ACTIVE_COMPILATION_CONDITIONS = DEBUG;
				SWIFT_OPTIMIZATION_LEVEL = "-Onone";
				TARGETED_DEVICE_FAMILY = "1,2";
			};
			name = Debug;
		};
		45D460DA1EC6429A00A82910 /* Release */ = {
			isa = XCBuildConfiguration;
			buildSettings = {
				ALWAYS_SEARCH_USER_PATHS = NO;
				CLANG_ANALYZER_NONNULL = YES;
				CLANG_ANALYZER_NUMBER_OBJECT_CONVERSION = YES_AGGRESSIVE;
				CLANG_CXX_LANGUAGE_STANDARD = "gnu++0x";
				CLANG_CXX_LIBRARY = "libc++";
				CLANG_ENABLE_MODULES = YES;
				CLANG_ENABLE_OBJC_ARC = YES;
				CLANG_WARN_BOOL_CONVERSION = YES;
				CLANG_WARN_CONSTANT_CONVERSION = YES;
				CLANG_WARN_DIRECT_OBJC_ISA_USAGE = YES_ERROR;
				CLANG_WARN_DOCUMENTATION_COMMENTS = YES;
				CLANG_WARN_EMPTY_BODY = YES;
				CLANG_WARN_ENUM_CONVERSION = YES;
				CLANG_WARN_INFINITE_RECURSION = YES;
				CLANG_WARN_INT_CONVERSION = YES;
				CLANG_WARN_OBJC_ROOT_CLASS = YES_ERROR;
				CLANG_WARN_SUSPICIOUS_MOVE = YES;
				CLANG_WARN_UNREACHABLE_CODE = YES;
				CLANG_WARN__DUPLICATE_METHOD_MATCH = YES;
				"CODE_SIGN_IDENTITY[sdk=iphoneos*]" = "iPhone Developer";
				COPY_PHASE_STRIP = NO;
				DEBUG_INFORMATION_FORMAT = "dwarf-with-dsym";
				ENABLE_NS_ASSERTIONS = NO;
				ENABLE_STRICT_OBJC_MSGSEND = YES;
				GCC_C_LANGUAGE_STANDARD = gnu99;
				GCC_NO_COMMON_BLOCKS = YES;
				GCC_WARN_64_TO_32_BIT_CONVERSION = YES;
				GCC_WARN_ABOUT_RETURN_TYPE = YES_ERROR;
				GCC_WARN_UNDECLARED_SELECTOR = YES;
				GCC_WARN_UNINITIALIZED_AUTOS = YES_AGGRESSIVE;
				GCC_WARN_UNUSED_FUNCTION = YES;
				GCC_WARN_UNUSED_VARIABLE = YES;
				IPHONEOS_DEPLOYMENT_TARGET = 10.3;
				MTL_ENABLE_DEBUG_INFO = NO;
				SDKROOT = iphoneos;
				SWIFT_OPTIMIZATION_LEVEL = "-Owholemodule";
				TARGETED_DEVICE_FAMILY = "1,2";
				VALIDATE_PRODUCT = YES;
			};
			name = Release;
		};
		45D460DC1EC6429A00A82910 /* Debug */ = {
			isa = XCBuildConfiguration;
			buildSettings = {
				ASSETCATALOG_COMPILER_APPICON_NAME = AppIcon;
				INFOPLIST_FILE = SwiftLogger/Info.plist;
				LD_RUNPATH_SEARCH_PATHS = "$(inherited) @executable_path/Frameworks";
				PRODUCT_BUNDLE_IDENTIFIER = com.sauvikdolui.SwiftLogger;
				PRODUCT_NAME = "$(TARGET_NAME)";
				SWIFT_VERSION = 3.0;
			};
			name = Debug;
		};
		45D460DD1EC6429A00A82910 /* Release */ = {
			isa = XCBuildConfiguration;
			buildSettings = {
				ASSETCATALOG_COMPILER_APPICON_NAME = AppIcon;
				INFOPLIST_FILE = SwiftLogger/Info.plist;
				LD_RUNPATH_SEARCH_PATHS = "$(inherited) @executable_path/Frameworks";
				PRODUCT_BUNDLE_IDENTIFIER = com.sauvikdolui.SwiftLogger;
				PRODUCT_NAME = "$(TARGET_NAME)";
				SWIFT_VERSION = 3.0;
			};
			name = Release;
		};
/* End XCBuildConfiguration section */

/* Begin XCConfigurationList section */
		45D460C41EC6429900A82910 /* Build configuration list for PBXProject "SwiftLogger" */ = {
			isa = XCConfigurationList;
			buildConfigurations = (
				45D460D91EC6429A00A82910 /* Debug */,
				45D460DA1EC6429A00A82910 /* Release */,
			);
			defaultConfigurationIsVisible = 0;
			defaultConfigurationName = Release;
		};
		45D460DB1EC6429A00A82910 /* Build configuration list for PBXNativeTarget "SwiftLogger" */ = {
			isa = XCConfigurationList;
			buildConfigurations = (
				45D460DC1EC6429A00A82910 /* Debug */,
				45D460DD1EC6429A00A82910 /* Release */,
			);
			defaultConfigurationIsVisible = 0;
		};
/* End XCConfigurationList section */
	};
	rootObject = 45D460C11EC6429900A82910 /* Project object */;
}
